
Microsoft Visual Studio Solution File, Format Version 12.00
# Visual Studio Version 17
VisualStudioVersion = 17.0.31903.59
MinimumVisualStudioVersion = 10.0.40219.1
Project("{FAE04EC0-301F-11D3-BF4B-00C04F79EFBC}") = "TwelveDaysOfCode", "TwelveDaysOfCode\TwelveDaysOfCode.csproj", "{DBEA0E20-7C3A-49E2-B2B5-832DE0A3B113}"
EndProject
Project("{FAE04EC0-301F-11D3-BF4B-00C04F79EFBC}") = "ExifData", "ExifData\ExifData.csproj", "{2ECAFB57-CA13-4E5B-8A2C-53BA16E8D7AB}"
EndProject
Project("{FAE04EC0-301F-11D3-BF4B-00C04F79EFBC}") = "ImportGists", "ImportGists\ImportGists.csproj", "{DF2D1C2E-E188-4EC6-92D1-4F2D2A45924D}"
EndProject
Global
	GlobalSection(SolutionConfigurationPlatforms) = preSolution
		Debug|Any CPU = Debug|Any CPU
		DebugWithoutDeployment|Any CPU = DebugWithoutDeployment|Any CPU
		Release|Any CPU = Release|Any CPU
	EndGlobalSection
	GlobalSection(ProjectConfigurationPlatforms) = postSolution
		{DBEA0E20-7C3A-49E2-B2B5-832DE0A3B113}.Debug|Any CPU.ActiveCfg = Debug|Any CPU
		{DBEA0E20-7C3A-49E2-B2B5-832DE0A3B113}.Debug|Any CPU.Build.0 = Debug|Any CPU
		{DBEA0E20-7C3A-49E2-B2B5-832DE0A3B113}.DebugWithoutDeployment|Any CPU.ActiveCfg = DebugWithoutDeployment|Any CPU
		{DBEA0E20-7C3A-49E2-B2B5-832DE0A3B113}.DebugWithoutDeployment|Any CPU.Build.0 = DebugWithoutDeployment|Any CPU
		{DBEA0E20-7C3A-49E2-B2B5-832DE0A3B113}.Release|Any CPU.ActiveCfg = Release|Any CPU
		{DBEA0E20-7C3A-49E2-B2B5-832DE0A3B113}.Release|Any CPU.Build.0 = Release|Any CPU
		{2ECAFB57-CA13-4E5B-8A2C-53BA16E8D7AB}.Debug|Any CPU.ActiveCfg = Debug|Any CPU
		{2ECAFB57-CA13-4E5B-8A2C-53BA16E8D7AB}.Debug|Any CPU.Build.0 = Debug|Any CPU
		{2ECAFB57-CA13-4E5B-8A2C-53BA16E8D7AB}.DebugWithoutDeployment|Any CPU.ActiveCfg = Debug|Any CPU
		{2ECAFB57-CA13-4E5B-8A2C-53BA16E8D7AB}.DebugWithoutDeployment|Any CPU.Build.0 = Debug|Any CPU
		{2ECAFB57-CA13-4E5B-8A2C-53BA16E8D7AB}.Release|Any CPU.ActiveCfg = Release|Any CPU
		{2ECAFB57-CA13-4E5B-8A2C-53BA16E8D7AB}.Release|Any CPU.Build.0 = Release|Any CPU
		{DF2D1C2E-E188-4EC6-92D1-4F2D2A45924D}.Debug|Any CPU.ActiveCfg = Debug|Any CPU
		{DF2D1C2E-E188-4EC6-92D1-4F2D2A45924D}.Debug|Any CPU.Build.0 = Debug|Any CPU
		{DF2D1C2E-E188-4EC6-92D1-4F2D2A45924D}.DebugWithoutDeployment|Any CPU.ActiveCfg = Debug|Any CPU
		{DF2D1C2E-E188-4EC6-92D1-4F2D2A45924D}.DebugWithoutDeployment|Any CPU.Build.0 = Debug|Any CPU
		{DF2D1C2E-E188-4EC6-92D1-4F2D2A45924D}.Release|Any CPU.ActiveCfg = Release|Any CPU
		{DF2D1C2E-E188-4EC6-92D1-4F2D2A45924D}.Release|Any CPU.Build.0 = Release|Any CPU
	EndGlobalSection
	GlobalSection(SolutionProperties) = preSolution
		HideSolutionNode = FALSE
	EndGlobalSection
	GlobalSection(ExtensibilityGlobals) = postSolution
		SolutionGuid = {888BE562-4C55-49BB-81A6-59A75B70ACBC}
	EndGlobalSection
EndGlobal
